
Microsoft Visual Studio Solution File, Format Version 11.00
# Visual Studio 2010
Project("{8BC9CEB8-8B4A-11D0-8D11-00A0C91BC942}") = "dragon", "dragon\dragon.vcxproj", "{EAC1C6BA-FAD2-41FC-BC6A-1752086DF570}"
EndProject
Project("{8BC9CEB8-8B4A-11D0-8D11-00A0C91BC942}") = "osgi", "osgi\osgi.vcxproj", "{BA7D92FC-2E30-4D64-9DFE-A1E7AD268FBF}"
EndProject
Global
	GlobalSection(SolutionConfigurationPlatforms) = preSolution
		Debug|Win32 = Debug|Win32
		Release|Win32 = Release|Win32
	EndGlobalSection
	GlobalSection(ProjectConfigurationPlatforms) = postSolution
		{EAC1C6BA-FAD2-41FC-BC6A-1752086DF570}.Debug|Win32.ActiveCfg = Debug|Win32
		{EAC1C6BA-FAD2-41FC-BC6A-1752086DF570}.Debug|Win32.Build.0 = Debug|Win32
		{EAC1C6BA-FAD2-41FC-BC6A-1752086DF570}.Release|Win32.ActiveCfg = Release|Win32
		{EAC1C6BA-FAD2-41FC-BC6A-1752086DF570}.Release|Win32.Build.0 = Release|Win32
		{BA7D92FC-2E30-4D64-9DFE-A1E7AD268FBF}.Debug|Win32.ActiveCfg = Debug|Win32
		{BA7D92FC-2E30-4D64-9DFE-A1E7AD268FBF}.Debug|Win32.Build.0 = Debug|Win32
		{BA7D92FC-2E30-4D64-9DFE-A1E7AD268FBF}.Release|Win32.ActiveCfg = Release|Win32
		{BA7D92FC-2E30-4D64-9DFE-A1E7AD268FBF}.Release|Win32.Build.0 = Release|Win32
	EndGlobalSection
	GlobalSection(SolutionProperties) = preSolution
		HideSolutionNode = FALSE
	EndGlobalSection
EndGlobal
