<?xml version="1.0" encoding="utf-8"?>
<Project ToolsVersion="4.0" xmlns="http://schemas.microsoft.com/developer/msbuild/2003">
  <ItemGroup>
    <Filter Include="src">
      <UniqueIdentifier>{ece674b3-ec63-4143-b68c-10f7ab0e0fb1}</UniqueIdentifier>
    </Filter>
    <Filter Include="include">
      <UniqueIdentifier>{c70637cb-82c7-403b-b0f6-9de8805ea5ff}</UniqueIdentifier>
    </Filter>
    <Filter Include="include\dragon">
      <UniqueIdentifier>{6900e965-b3ed-45a1-995e-caed4a0fbaa9}</UniqueIdentifier>
    </Filter>
    <Filter Include="include\dragon\lang">
      <UniqueIdentifier>{f8796b83-a3d2-4341-b9a0-f0b9c2da2d69}</UniqueIdentifier>
    </Filter>
    <Filter Include="src\dragon">
      <UniqueIdentifier>{d41c0d97-34fd-499f-84e1-e62d40606217}</UniqueIdentifier>
    </Filter>
    <Filter Include="src\dragon\lang">
      <UniqueIdentifier>{4a1a9e09-85b3-46b7-8bfc-b2360d9dab03}</UniqueIdentifier>
    </Filter>
    <Filter Include="src\dragon\lang\internal">
      <UniqueIdentifier>{bbe39d57-e7d1-41b4-9b74-d7fc4f573e8d}</UniqueIdentifier>
    </Filter>
  </ItemGroup>
  <ItemGroup>
    <ClInclude Include="include\dragon.h">
      <Filter>include</Filter>
    </ClInclude>
    <ClInclude Include="src\dragon\lang\internal\platform.h">
      <Filter>src\dragon\lang\internal</Filter>
    </ClInclude>
    <ClInclude Include="include\dragon\config.h">
      <Filter>include\dragon</Filter>
    </ClInclude>
    <ClInclude Include="include\dragon\lang\math.h">
      <Filter>include\dragon\lang</Filter>
    </ClInclude>
    <ClInclude Include="include\dragon\lang\all.h">
      <Filter>include\dragon\lang</Filter>
    </ClInclude>
  </ItemGroup>
  <ItemGroup>
    <ClCompile Include="src\dragon\lang\internal\platform_linux.cc">
      <Filter>src\dragon\lang\internal</Filter>
    </ClCompile>
    <ClCompile Include="src\dragon\lang\math.cc">
      <Filter>src\dragon\lang</Filter>
    </ClCompile>
  </ItemGroup>
</Project>